
Microsoft Visual Studio Solution File, Format Version 12.00
# Visual Studio 14
VisualStudioVersion = 14.0.25420.1
MinimumVisualStudioVersion = 10.0.40219.1
Project("{FAE04EC0-301F-11D3-BF4B-00C04F79EFBC}") = "EindTestTDD2", "EindTestTDD2\EindTestTDD2.csproj", "{6C9E1859-828F-480E-8FAA-6E7900D785F2}"
EndProject
Project("{FAE04EC0-301F-11D3-BF4B-00C04F79EFBC}") = "EindTestTDDTest", "EindTestTDDTest\EindTestTDDTest.csproj", "{BA3A3AA0-F2DF-4B2B-BD7A-13158D60FB27}"
EndProject
Global
	GlobalSection(SolutionConfigurationPlatforms) = preSolution
		Debug|Any CPU = Debug|Any CPU
		Release|Any CPU = Release|Any CPU
	EndGlobalSection
	GlobalSection(ProjectConfigurationPlatforms) = postSolution
		{6C9E1859-828F-480E-8FAA-6E7900D785F2}.Debug|Any CPU.ActiveCfg = Debug|Any CPU
		{6C9E1859-828F-480E-8FAA-6E7900D785F2}.Debug|Any CPU.Build.0 = Debug|Any CPU
		{6C9E1859-828F-480E-8FAA-6E7900D785F2}.Release|Any CPU.ActiveCfg = Release|Any CPU
		{6C9E1859-828F-480E-8FAA-6E7900D785F2}.Release|Any CPU.Build.0 = Release|Any CPU
		{BA3A3AA0-F2DF-4B2B-BD7A-13158D60FB27}.Debug|Any CPU.ActiveCfg = Debug|Any CPU
		{BA3A3AA0-F2DF-4B2B-BD7A-13158D60FB27}.Debug|Any CPU.Build.0 = Debug|Any CPU
		{BA3A3AA0-F2DF-4B2B-BD7A-13158D60FB27}.Release|Any CPU.ActiveCfg = Release|Any CPU
		{BA3A3AA0-F2DF-4B2B-BD7A-13158D60FB27}.Release|Any CPU.Build.0 = Release|Any CPU
	EndGlobalSection
	GlobalSection(SolutionProperties) = preSolution
		HideSolutionNode = FALSE
	EndGlobalSection
EndGlobal
